{
  "requires": true,
  "lockfileVersion": 1,
  "dependencies": {
    "spin-wheel": {
      "version": "3.4.2",
      "resolved": "https://registry.npmjs.org/spin-wheel/-/spin-wheel-3.4.2.tgz",
      "integrity": "sha512-IdFHyn9cQbfnnX3mpKbvPVVDfrwy2HeEHF2fVwz1z2c/HFeiSM3M9GDszvK/FHLj2v492AOpA3Zp+lEOjSz3bw=="
    }
  }
}
